
Microsoft Visual Studio Solution File, Format Version 12.00
# Visual Studio 15
Project("{FAE04EC0-301F-11D3-BF4B-00C04F79EFBC}") = "CrackingCodingInterview.Web", "CrackingCodingInterview.Web\CrackingCodingInterview.Web.csproj", "{C80E85B4-1037-427D-9398-982838FC070F}"
EndProject
Project("{FAE04EC0-301F-11D3-BF4B-00C04F79EFBC}") = "CrackingCodingInterview.Core", "CrackingCodingInterview.Core\CrackingCodingInterview.Core.csproj", "{0B9B96E1-0AE4-4B3B-A3ED-2F7616681C26}"
EndProject
Global
	GlobalSection(SolutionConfigurationPlatforms) = preSolution
		Debug|Any CPU = Debug|Any CPU
		Release|Any CPU = Release|Any CPU
	EndGlobalSection
	GlobalSection(ProjectConfigurationPlatforms) = postSolution
		{C80E85B4-1037-427D-9398-982838FC070F}.Debug|Any CPU.ActiveCfg = Debug|Any CPU
		{C80E85B4-1037-427D-9398-982838FC070F}.Debug|Any CPU.Build.0 = Debug|Any CPU
		{C80E85B4-1037-427D-9398-982838FC070F}.Release|Any CPU.ActiveCfg = Release|Any CPU
		{C80E85B4-1037-427D-9398-982838FC070F}.Release|Any CPU.Build.0 = Release|Any CPU
		{0B9B96E1-0AE4-4B3B-A3ED-2F7616681C26}.Debug|Any CPU.ActiveCfg = Debug|Any CPU
		{0B9B96E1-0AE4-4B3B-A3ED-2F7616681C26}.Debug|Any CPU.Build.0 = Debug|Any CPU
		{0B9B96E1-0AE4-4B3B-A3ED-2F7616681C26}.Release|Any CPU.ActiveCfg = Release|Any CPU
		{0B9B96E1-0AE4-4B3B-A3ED-2F7616681C26}.Release|Any CPU.Build.0 = Release|Any CPU
	EndGlobalSection
EndGlobal
